// !$*UTF8*$!
{
	archiveVersion = 1;
	classes = {
	};
	objectVersion = 46;
	objects = {

/* Begin PBXBuildFile section */
		04D074801B4BAD000078DB2A /* main.m in Sources */ = {isa = PBXBuildFile; fileRef = 04D0747F1B4BAD000078DB2A /* main.m */; };
		04D074831B4BAD000078DB2A /* AppDelegate.m in Sources */ = {isa = PBXBuildFile; fileRef = 04D074821B4BAD000078DB2A /* AppDelegate.m */; };
		04D074861B4BAD000078DB2A /* ViewController.m in Sources */ = {isa = PBXBuildFile; fileRef = 04D074851B4BAD000078DB2A /* ViewController.m */; };
		04D074891B4BAD000078DB2A /* Main.storyboard in Resources */ = {isa = PBXBuildFile; fileRef = 04D074871B4BAD000078DB2A /* Main.storyboard */; };
		04D0748B1B4BAD000078DB2A /* Images.xcassets in Resources */ = {isa = PBXBuildFile; fileRef = 04D0748A1B4BAD000078DB2A /* Images.xcassets */; };
		04D0748E1B4BAD000078DB2A /* LaunchScreen.xib in Resources */ = {isa = PBXBuildFile; fileRef = 04D0748C1B4BAD000078DB2A /* LaunchScreen.xib */; };
		04D0749A1B4BAD000078DB2A /* JingbaoTests.m in Sources */ = {isa = PBXBuildFile; fileRef = 04D074991B4BAD000078DB2A /* JingbaoTests.m */; };
/* End PBXBuildFile section */

/* Begin PBXContainerItemProxy section */
		04D074941B4BAD000078DB2A /* PBXContainerItemProxy */ = {
			isa = PBXContainerItemProxy;
			containerPortal = 04D074721B4BAD000078DB2A /* Project object */;
			proxyType = 1;
			remoteGlobalIDString = 04D074791B4BAD000078DB2A;
			remoteInfo = Jingbao;
		};
/* End PBXContainerItemProxy section */

/* Begin PBXFileReference section */
		04D0747A1B4BAD000078DB2A /* Jingbao.app */ = {isa = PBXFileReference; explicitFileType = wrapper.application; includeInIndex = 0; path = Jingbao.app; sourceTree = BUILT_PRODUCTS_DIR; };
		04D0747E1B4BAD000078DB2A /* Info.plist */ = {isa = PBXFileReference; lastKnownFileType = text.plist.xml; path = Info.plist; sourceTree = "<group>"; };
		04D0747F1B4BAD000078DB2A /* main.m */ = {isa = PBXFileReference; lastKnownFileType = sourcecode.c.objc; path = main.m; sourceTree = "<group>"; };
		04D074811B4BAD000078DB2A /* AppDelegate.h */ = {isa = PBXFileReference; lastKnownFileType = sourcecode.c.h; path = AppDelegate.h; sourceTree = "<group>"; };
		04D074821B4BAD000078DB2A /* AppDelegate.m */ = {isa = PBXFileReference; lastKnownFileType = sourcecode.c.objc; path = AppDelegate.m; sourceTree = "<group>"; };
		04D074841B4BAD000078DB2A /* ViewController.h */ = {isa = PBXFileReference; lastKnownFileType = sourcecode.c.h; path = ViewController.h; sourceTree = "<group>"; };
		04D074851B4BAD000078DB2A /* ViewController.m */ = {isa = PBXFileReference; lastKnownFileType = sourcecode.c.objc; path = ViewController.m; sourceTree = "<group>"; };
		04D074881B4BAD000078DB2A /* Base */ = {isa = PBXFileReference; lastKnownFileType = file.storyboard; name = Base; path = Base.lproj/Main.storyboard; sourceTree = "<group>"; };
		04D0748A1B4BAD000078DB2A /* Images.xcassets */ = {isa = PBXFileReference; lastKnownFileType = folder.assetcatalog; path = Images.xcassets; sourceTree = "<group>"; };
		04D0748D1B4BAD000078DB2A /* Base */ = {isa = PBXFileReference; lastKnownFileType = file.xib; name = Base; path = Base.lproj/LaunchScreen.xib; sourceTree = "<group>"; };
		04D074931B4BAD000078DB2A /* JingbaoTests.xctest */ = {isa = PBXFileReference; explicitFileType = wrapper.cfbundle; includeInIndex = 0; path = JingbaoTests.xctest; sourceTree = BUILT_PRODUCTS_DIR; };
		04D074981B4BAD000078DB2A /* Info.plist */ = {isa = PBXFileReference; lastKnownFileType = text.plist.xml; path = Info.plist; sourceTree = "<group>"; };
		04D074991B4BAD000078DB2A /* JingbaoTests.m */ = {isa = PBXFileReference; lastKnownFileType = sourcecode.c.objc; path = JingbaoTests.m; sourceTree = "<group>"; };
/* End PBXFileReference section */

/* Begin PBXFrameworksBuildPhase section */
		04D074771B4BAD000078DB2A /* Frameworks */ = {
			isa = PBXFrameworksBuildPhase;
			buildActionMask = 2147483647;
			files = (
			);
			runOnlyForDeploymentPostprocessing = 0;
		};
		04D074901B4BAD000078DB2A /* Frameworks */ = {
			isa = PBXFrameworksBuildPhase;
			buildActionMask = 2147483647;
			files = (
			);
			runOnlyForDeploymentPostprocessing = 0;
		};
/* End PBXFrameworksBuildPhase section */

/* Begin PBXGroup section */
		04D074711B4BAD000078DB2A = {
			isa = PBXGroup;
			children = (
				04D0747C1B4BAD000078DB2A /* Jingbao */,
				04D074961B4BAD000078DB2A /* JingbaoTests */,
				04D0747B1B4BAD000078DB2A /* Products */,
			);
			sourceTree = "<group>";
		};
		04D0747B1B4BAD000078DB2A /* Products */ = {
			isa = PBXGroup;
			children = (
				04D0747A1B4BAD000078DB2A /* Jingbao.app */,
				04D074931B4BAD000078DB2A /* JingbaoTests.xctest */,
			);
			name = Products;
			sourceTree = "<group>";
		};
		04D0747C1B4BAD000078DB2A /* Jingbao */ = {
			isa = PBXGroup;
			children = (
				04D074811B4BAD000078DB2A /* AppDelegate.h */,
				04D074821B4BAD000078DB2A /* AppDelegate.m */,
				04D074841B4BAD000078DB2A /* ViewController.h */,
				04D074851B4BAD000078DB2A /* ViewController.m */,
				04D074871B4BAD000078DB2A /* Main.storyboard */,
				04D0748A1B4BAD000078DB2A /* Images.xcassets */,
				04D0748C1B4BAD000078DB2A /* LaunchScreen.xib */,
				04D0747D1B4BAD000078DB2A /* Supporting Files */,
			);
			path = Jingbao;
			sourceTree = "<group>";
		};
		04D0747D1B4BAD000078DB2A /* Supporting Files */ = {
			isa = PBXGroup;
			children = (
				04D0747E1B4BAD000078DB2A /* Info.plist */,
				04D0747F1B4BAD000078DB2A /* main.m */,
			);
			name = "Supporting Files";
			sourceTree = "<group>";
		};
		04D074961B4BAD000078DB2A /* JingbaoTests */ = {
			isa = PBXGroup;
			children = (
				04D074991B4BAD000078DB2A /* JingbaoTests.m */,
				04D074971B4BAD000078DB2A /* Supporting Files */,
			);
			path = JingbaoTests;
			sourceTree = "<group>";
		};
		04D074971B4BAD000078DB2A /* Supporting Files */ = {
			isa = PBXGroup;
			children = (
				04D074981B4BAD000078DB2A /* Info.plist */,
			);
			name = "Supporting Files";
			sourceTree = "<group>";
		};
/* End PBXGroup section */

/* Begin PBXNativeTarget section */
		04D074791B4BAD000078DB2A /* Jingbao */ = {
			isa = PBXNativeTarget;
			buildConfigurationList = 04D0749D1B4BAD000078DB2A /* Build configuration list for PBXNativeTarget "Jingbao" */;
			buildPhases = (
				04D074761B4BAD000078DB2A /* Sources */,
				04D074771B4BAD000078DB2A /* Frameworks */,
				04D074781B4BAD000078DB2A /* Resources */,
			);
			buildRules = (
			);
			dependencies = (
			);
			name = Jingbao;
			productName = Jingbao;
			productReference = 04D0747A1B4BAD000078DB2A /* Jingbao.app */;
			productType = "com.apple.product-type.application";
		};
		04D074921B4BAD000078DB2A /* JingbaoTests */ = {
			isa = PBXNativeTarget;
			buildConfigurationList = 04D074A01B4BAD000078DB2A /* Build configuration list for PBXNativeTarget "JingbaoTests" */;
			buildPhases = (
				04D0748F1B4BAD000078DB2A /* Sources */,
				04D074901B4BAD000078DB2A /* Frameworks */,
				04D074911B4BAD000078DB2A /* Resources */,
			);
			buildRules = (
			);
			dependencies = (
				04D074951B4BAD000078DB2A /* PBXTargetDependency */,
			);
			name = JingbaoTests;
			productName = JingbaoTests;
			productReference = 04D074931B4BAD000078DB2A /* JingbaoTests.xctest */;
			productType = "com.apple.product-type.bundle.unit-test";
		};
/* End PBXNativeTarget section */

/* Begin PBXProject section */
		04D074721B4BAD000078DB2A /* Project object */ = {
			isa = PBXProject;
			attributes = {
				LastUpgradeCheck = 0640;
				ORGANIZATIONNAME = mac;
				TargetAttributes = {
					04D074791B4BAD000078DB2A = {
						CreatedOnToolsVersion = 6.4;
					};
					04D074921B4BAD000078DB2A = {
						CreatedOnToolsVersion = 6.4;
						TestTargetID = 04D074791B4BAD000078DB2A;
					};
				};
			};
			buildConfigurationList = 04D074751B4BAD000078DB2A /* Build configuration list for PBXProject "Jingbao" */;
			compatibilityVersion = "Xcode 3.2";
			developmentRegion = English;
			hasScannedForEncodings = 0;
			knownRegions = (
				en,
				Base,
			);
			mainGroup = 04D074711B4BAD000078DB2A;
			productRefGroup = 04D0747B1B4BAD000078DB2A /* Products */;
			projectDirPath = "";
			projectRoot = "";
			targets = (
				04D074791B4BAD000078DB2A /* Jingbao */,
				04D074921B4BAD000078DB2A /* JingbaoTests */,
			);
		};
/* End PBXProject section */

/* Begin PBXResourcesBuildPhase section */
		04D074781B4BAD000078DB2A /* Resources */ = {
			isa = PBXResourcesBuildPhase;
			buildActionMask = 2147483647;
			files = (
				04D074891B4BAD000078DB2A /* Main.storyboard in Resources */,
				04D0748E1B4BAD000078DB2A /* LaunchScreen.xib in Resources */,
				04D0748B1B4BAD000078DB2A /* Images.xcassets in Resources */,
			);
			runOnlyForDeploymentPostprocessing = 0;
		};
		04D074911B4BAD000078DB2A /* Resources */ = {
			isa = PBXResourcesBuildPhase;
			buildActionMask = 2147483647;
			files = (
			);
			runOnlyForDeploymentPostprocessing = 0;
		};
/* End PBXResourcesBuildPhase section */

/* Begin PBXSourcesBuildPhase section */
		04D074761B4BAD000078DB2A /* Sources */ = {
			isa = PBXSourcesBuildPhase;
			buildActionMask = 2147483647;
			files = (
				04D074861B4BAD000078DB2A /* ViewController.m in Sources */,
				04D074831B4BAD000078DB2A /* AppDelegate.m in Sources */,
				04D074801B4BAD000078DB2A /* main.m in Sources */,
			);
			runOnlyForDeploymentPostprocessing = 0;
		};
		04D0748F1B4BAD000078DB2A /* Sources */ = {
			isa = PBXSourcesBuildPhase;
			buildActionMask = 2147483647;
			files = (
				04D0749A1B4BAD000078DB2A /* JingbaoTests.m in Sources */,
			);
			runOnlyForDeploymentPostprocessing = 0;
		};
/* End PBXSourcesBuildPhase section */

/* Begin PBXTargetDependency section */
		04D074951B4BAD000078DB2A /* PBXTargetDependency */ = {
			isa = PBXTargetDependency;
			target = 04D074791B4BAD000078DB2A /* Jingbao */;
			targetProxy = 04D074941B4BAD000078DB2A /* PBXContainerItemProxy */;
		};
/* End PBXTargetDependency section */

/* Begin PBXVariantGroup section */
		04D074871B4BAD000078DB2A /* Main.storyboard */ = {
			isa = PBXVariantGroup;
			children = (
				04D074881B4BAD000078DB2A /* Base */,
			);
			name = Main.storyboard;
			sourceTree = "<group>";
		};
		04D0748C1B4BAD000078DB2A /* LaunchScreen.xib */ = {
			isa = PBXVariantGroup;
			children = (
				04D0748D1B4BAD000078DB2A /* Base */,
			);
			name = LaunchScreen.xib;
			sourceTree = "<group>";
		};
/* End PBXVariantGroup section */

/* Begin XCBuildConfiguration section */
		04D0749B1B4BAD000078DB2A /* Debug */ = {
			isa = XCBuildConfiguration;
			buildSettings = {
				ALWAYS_SEARCH_USER_PATHS = NO;
				CLANG_CXX_LANGUAGE_STANDARD = "gnu++0x";
				CLANG_CXX_LIBRARY = "libc++";
				CLANG_ENABLE_MODULES = YES;
				CLANG_ENABLE_OBJC_ARC = YES;
				CLANG_WARN_BOOL_CONVERSION = YES;
				CLANG_WARN_CONSTANT_CONVERSION = YES;
				CLANG_WARN_DIRECT_OBJC_ISA_USAGE = YES_ERROR;
				CLANG_WARN_EMPTY_BODY = YES;
				CLANG_WARN_ENUM_CONVERSION = YES;
				CLANG_WARN_INT_CONVERSION = YES;
				CLANG_WARN_OBJC_ROOT_CLASS = YES_ERROR;
				CLANG_WARN_UNREACHABLE_CODE = YES;
				CLANG_WARN__DUPLICATE_METHOD_MATCH = YES;
				"CODE_SIGN_IDENTITY[sdk=iphoneos*]" = "iPhone Developer";
				COPY_PHASE_STRIP = NO;
				DEBUG_INFORMATION_FORMAT = "dwarf-with-dsym";
				ENABLE_STRICT_OBJC_MSGSEND = YES;
				GCC_C_LANGUAGE_STANDARD = gnu99;
				GCC_DYNAMIC_NO_PIC = NO;
				GCC_NO_COMMON_BLOCKS = YES;
				GCC_OPTIMIZATION_LEVEL = 0;
				GCC_PREPROCESSOR_DEFINITIONS = (
					"DEBUG=1",
					"$(inherited)",
				);
				GCC_SYMBOLS_PRIVATE_EXTERN = NO;
				GCC_WARN_64_TO_32_BIT_CONVERSION = YES;
				GCC_WARN_ABOUT_RETURN_TYPE = YES_ERROR;
				GCC_WARN_UNDECLARED_SELECTOR = YES;
				GCC_WARN_UNINITIALIZED_AUTOS = YES_AGGRESSIVE;
				GCC_WARN_UNUSED_FUNCTION = YES;
				GCC_WARN_UNUSED_VARIABLE = YES;
				IPHONEOS_DEPLOYMENT_TARGET = 8.4;
				MTL_ENABLE_DEBUG_INFO = YES;
				ONLY_ACTIVE_ARCH = YES;
				SDKROOT = iphoneos;
				TARGETED_DEVICE_FAMILY = "1,2";
			};
			name = Debug;
		};
		04D0749C1B4BAD000078DB2A /* Release */ = {
			isa = XCBuildConfiguration;
			buildSettings = {
				ALWAYS_SEARCH_USER_PATHS = NO;
				CLANG_CXX_LANGUAGE_STANDARD = "gnu++0x";
				CLANG_CXX_LIBRARY = "libc++";
				CLANG_ENABLE_MODULES = YES;
				CLANG_ENABLE_OBJC_ARC = YES;
				CLANG_WARN_BOOL_CONVERSION = YES;
				CLANG_WARN_CONSTANT_CONVERSION = YES;
				CLANG_WARN_DIRECT_OBJC_ISA_USAGE = YES_ERROR;
				CLANG_WARN_EMPTY_BODY = YES;
				CLANG_WARN_ENUM_CONVERSION = YES;
				CLANG_WARN_INT_CONVERSION = YES;
				CLANG_WARN_OBJC_ROOT_CLASS = YES_ERROR;
				CLANG_WARN_UNREACHABLE_CODE = YES;
				CLANG_WARN__DUPLICATE_METHOD_MATCH = YES;
				"CODE_SIGN_IDENTITY[sdk=iphoneos*]" = "iPhone Developer";
				COPY_PHASE_STRIP = NO;
				DEBUG_INFORMATION_FORMAT = "dwarf-with-dsym";
				ENABLE_NS_ASSERTIONS = NO;
				ENABLE_STRICT_OBJC_MSGSEND = YES;
				GCC_C_LANGUAGE_STANDARD = gnu99;
				GCC_NO_COMMON_BLOCKS = YES;
				GCC_WARN_64_TO_32_BIT_CONVERSION = YES;
				GCC_WARN_ABOUT_RETURN_TYPE = YES_ERROR;
				GCC_WARN_UNDECLARED_SELECTOR = YES;
				GCC_WARN_UNINITIALIZED_AUTOS = YES_AGGRESSIVE;
				GCC_WARN_UNUSED_FUNCTION = YES;
				GCC_WARN_UNUSED_VARIABLE = YES;
				IPHONEOS_DEPLOYMENT_TARGET = 8.4;
				MTL_ENABLE_DEBUG_INFO = NO;
				SDKROOT = iphoneos;
				TARGETED_DEVICE_FAMILY = "1,2";
				VALIDATE_PRODUCT = YES;
			};
			name = Release;
		};
		04D0749E1B4BAD000078DB2A /* Debug */ = {
			isa = XCBuildConfiguration;
			buildSettings = {
				ASSETCATALOG_COMPILER_APPICON_NAME = AppIcon;
				INFOPLIST_FILE = Jingbao/Info.plist;
				LD_RUNPATH_SEARCH_PATHS = "$(inherited) @executable_path/Frameworks";
				PRODUCT_NAME = "$(TARGET_NAME)";
			};
			name = Debug;
		};
		04D0749F1B4BAD000078DB2A /* Release */ = {
			isa = XCBuildConfiguration;
			buildSettings = {
				ASSETCATALOG_COMPILER_APPICON_NAME = AppIcon;
				INFOPLIST_FILE = Jingbao/Info.plist;
				LD_RUNPATH_SEARCH_PATHS = "$(inherited) @executable_path/Frameworks";
				PRODUCT_NAME = "$(TARGET_NAME)";
			};
			name = Release;
		};
		04D074A11B4BAD000078DB2A /* Debug */ = {
			isa = XCBuildConfiguration;
			buildSettings = {
				BUNDLE_LOADER = "$(TEST_HOST)";
				FRAMEWORK_SEARCH_PATHS = (
					"$(SDKROOT)/Developer/Library/Frameworks",
					"$(inherited)",
				);
				GCC_PREPROCESSOR_DEFINITIONS = (
					"DEBUG=1",
					"$(inherited)",
				);
				INFOPLIST_FILE = JingbaoTests/Info.plist;
				LD_RUNPATH_SEARCH_PATHS = "$(inherited) @executable_path/Frameworks @loader_path/Frameworks";
				PRODUCT_NAME = "$(TARGET_NAME)";
				TEST_HOST = "$(BUILT_PRODUCTS_DIR)/Jingbao.app/Jingbao";
			};
			name = Debug;
		};
		04D074A21B4BAD000078DB2A /* Release */ = {
			isa = XCBuildConfiguration;
			buildSettings = {
				BUNDLE_LOADER = "$(TEST_HOST)";
				FRAMEWORK_SEARCH_PATHS = (
					"$(SDKROOT)/Developer/Library/Frameworks",
					"$(inherited)",
				);
				INFOPLIST_FILE = JingbaoTests/Info.plist;
				LD_RUNPATH_SEARCH_PATHS = "$(inherited) @executable_path/Frameworks @loader_path/Frameworks";
				PRODUCT_NAME = "$(TARGET_NAME)";
				TEST_HOST = "$(BUILT_PRODUCTS_DIR)/Jingbao.app/Jingbao";
			};
			name = Release;
		};
/* End XCBuildConfiguration section */

/* Begin XCConfigurationList section */
		04D074751B4BAD000078DB2A /* Build configuration list for PBXProject "Jingbao" */ = {
			isa = XCConfigurationList;
			buildConfigurations = (
				04D0749B1B4BAD000078DB2A /* Debug */,
				04D0749C1B4BAD000078DB2A /* Release */,
			);
			defaultConfigurationIsVisible = 0;
			defaultConfigurationName = Release;
		};
		04D0749D1B4BAD000078DB2A /* Build configuration list for PBXNativeTarget "Jingbao" */ = {
			isa = XCConfigurationList;
			buildConfigurations = (
				04D0749E1B4BAD000078DB2A /* Debug */,
				04D0749F1B4BAD000078DB2A /* Release */,
			);
			defaultConfigurationIsVisible = 0;
		};
		04D074A01B4BAD000078DB2A /* Build configuration list for PBXNativeTarget "JingbaoTests" */ = {
			isa = XCConfigurationList;
			buildConfigurations = (
				04D074A11B4BAD000078DB2A /* Debug */,
				04D074A21B4BAD000078DB2A /* Release */,
			);
			defaultConfigurationIsVisible = 0;
		};
/* End XCConfigurationList section */
	};
	rootObject = 04D074721B4BAD000078DB2A /* Project object */;
}
